// !$*UTF8*$!
{
	archiveVersion = 1;
	classes = {
	};
	objectVersion = 46;
	objects = {

/* Begin PBXBuildFile section */
		0A5E922B17F23A0E0038AB6A /* MessageUI.framework in Frameworks */ = {isa = PBXBuildFile; fileRef = 0A5E922A17F23A0E0038AB6A /* MessageUI.framework */; };
		0A7312A217E7751400D6B3F1 /* IOSurface in Frameworks */ = {isa = PBXBuildFile; fileRef = 0A7312A117E7751400D6B3F1 /* IOSurface */; };
		5D63EB5517E6A948007AB6FB /* LaunchSafariAppDelegate.m in Sources */ = {isa = PBXBuildFile; fileRef = 5D63EB5017E6A948007AB6FB /* LaunchSafariAppDelegate.m */; };
		5D63EB5617E6A948007AB6FB /* LaunchSafariViewController-iPad.xib in Resources */ = {isa = PBXBuildFile; fileRef = 5D63EB5117E6A948007AB6FB /* LaunchSafariViewController-iPad.xib */; };
		5D63EB5717E6A948007AB6FB /* LaunchSafariViewController.m in Sources */ = {isa = PBXBuildFile; fileRef = 5D63EB5317E6A948007AB6FB /* LaunchSafariViewController.m */; };
		5D63EB5817E6A948007AB6FB /* LaunchSafariViewController.xib in Resources */ = {isa = PBXBuildFile; fileRef = 5D63EB5417E6A948007AB6FB /* LaunchSafariViewController.xib */; };
		5D63EB5B17E6A95A007AB6FB /* MainWindow-iPad.xib in Resources */ = {isa = PBXBuildFile; fileRef = 5D63EB5917E6A95A007AB6FB /* MainWindow-iPad.xib */; };
		5D63EB5C17E6A95A007AB6FB /* MainWindow.xib in Resources */ = {isa = PBXBuildFile; fileRef = 5D63EB5A17E6A95A007AB6FB /* MainWindow.xib */; };
		5D63EB6117E6A98E007AB6FB /* main.m in Sources */ = {isa = PBXBuildFile; fileRef = 5D63EB6017E6A98E007AB6FB /* main.m */; };
		5DDEAC4C17E04A3C00A6DE11 /* libAppurifySDK.a in Frameworks */ = {isa = PBXBuildFile; fileRef = 5DDEAC4B17E04A3C00A6DE11 /* libAppurifySDK.a */; };
		5DDEAC5017E04EB300A6DE11 /* QuartzCore.framework in Frameworks */ = {isa = PBXBuildFile; fileRef = 5DDEAC4F17E04EB300A6DE11 /* QuartzCore.framework */; };
		5DDEAC5B17E0D45200A6DE11 /* AVFoundation.framework in Frameworks */ = {isa = PBXBuildFile; fileRef = 5DDEAC5A17E0D45100A6DE11 /* AVFoundation.framework */; };
		5DDEAC5D17E0D45D00A6DE11 /* CoreVideo.framework in Frameworks */ = {isa = PBXBuildFile; fileRef = 5DDEAC5C17E0D45D00A6DE11 /* CoreVideo.framework */; };
		5DDEAC6517E0D64E00A6DE11 /* CoreMedia.framework in Frameworks */ = {isa = PBXBuildFile; fileRef = 5DDEAC6417E0D64E00A6DE11 /* CoreMedia.framework */; };
		5DDEAEA617E3FEE500A6DE11 /* CoreData.framework in Frameworks */ = {isa = PBXBuildFile; fileRef = 5DDEAEA517E3FEE500A6DE11 /* CoreData.framework */; };
		5DDEAEA817E3FEEA00A6DE11 /* CFNetwork.framework in Frameworks */ = {isa = PBXBuildFile; fileRef = 5DDEAEA717E3FEEA00A6DE11 /* CFNetwork.framework */; };
		5DDEAEAA17E3FEF900A6DE11 /* libicucore.dylib in Frameworks */ = {isa = PBXBuildFile; fileRef = 5DDEAEA917E3FEF900A6DE11 /* libicucore.dylib */; };
		5DDEAEAC17E3FF0100A6DE11 /* Security.framework in Frameworks */ = {isa = PBXBuildFile; fileRef = 5DDEAEAB17E3FF0100A6DE11 /* Security.framework */; };
		A6D44A8614912AB900EF013C /* UIKit.framework in Frameworks */ = {isa = PBXBuildFile; fileRef = A6D44A8514912AB900EF013C /* UIKit.framework */; };
		A6D44A8814912AB900EF013C /* Foundation.framework in Frameworks */ = {isa = PBXBuildFile; fileRef = A6D44A8714912AB900EF013C /* Foundation.framework */; };
		A6D44A8A14912AB900EF013C /* CoreGraphics.framework in Frameworks */ = {isa = PBXBuildFile; fileRef = A6D44A8914912AB900EF013C /* CoreGraphics.framework */; };
/* End PBXBuildFile section */

/* Begin PBXFileReference section */
		0A5E922A17F23A0E0038AB6A /* MessageUI.framework */ = {isa = PBXFileReference; lastKnownFileType = wrapper.framework; name = MessageUI.framework; path = System/Library/Frameworks/MessageUI.framework; sourceTree = SDKROOT; };
		0A7312A117E7751400D6B3F1 /* IOSurface */ = {isa = PBXFileReference; lastKnownFileType = "compiled.mach-o.dylib"; name = IOSurface; path = LaunchSafari/IOSurface; sourceTree = "<group>"; };
		5D63EB4E17E6A911007AB6FB /* Appurify_Debugger.h */ = {isa = PBXFileReference; fileEncoding = 4; lastKnownFileType = sourcecode.c.h; name = Appurify_Debugger.h; path = LaunchSafari/Appurify_Debugger.h; sourceTree = SOURCE_ROOT; };
		5D63EB4F17E6A948007AB6FB /* LaunchSafariAppDelegate.h */ = {isa = PBXFileReference; fileEncoding = 4; lastKnownFileType = sourcecode.c.h; name = LaunchSafariAppDelegate.h; path = LaunchSafari/LaunchSafariAppDelegate.h; sourceTree = SOURCE_ROOT; };
		5D63EB5017E6A948007AB6FB /* LaunchSafariAppDelegate.m */ = {isa = PBXFileReference; fileEncoding = 4; lastKnownFileType = sourcecode.c.objc; name = LaunchSafariAppDelegate.m; path = LaunchSafari/LaunchSafariAppDelegate.m; sourceTree = SOURCE_ROOT; };
		5D63EB5117E6A948007AB6FB /* LaunchSafariViewController-iPad.xib */ = {isa = PBXFileReference; fileEncoding = 4; lastKnownFileType = file.xib; name = "LaunchSafariViewController-iPad.xib"; path = "LaunchSafari/LaunchSafariViewController-iPad.xib"; sourceTree = SOURCE_ROOT; };
		5D63EB5217E6A948007AB6FB /* LaunchSafariViewController.h */ = {isa = PBXFileReference; fileEncoding = 4; lastKnownFileType = sourcecode.c.h; name = LaunchSafariViewController.h; path = LaunchSafari/LaunchSafariViewController.h; sourceTree = SOURCE_ROOT; };
		5D63EB5317E6A948007AB6FB /* LaunchSafariViewController.m */ = {isa = PBXFileReference; fileEncoding = 4; lastKnownFileType = sourcecode.c.objc; name = LaunchSafariViewController.m; path = LaunchSafari/LaunchSafariViewController.m; sourceTree = SOURCE_ROOT; };
		5D63EB5417E6A948007AB6FB /* LaunchSafariViewController.xib */ = {isa = PBXFileReference; fileEncoding = 4; lastKnownFileType = file.xib; name = LaunchSafariViewController.xib; path = LaunchSafari/LaunchSafariViewController.xib; sourceTree = SOURCE_ROOT; };
		5D63EB5917E6A95A007AB6FB /* MainWindow-iPad.xib */ = {isa = PBXFileReference; fileEncoding = 4; lastKnownFileType = file.xib; name = "MainWindow-iPad.xib"; path = "LaunchSafari/MainWindow-iPad.xib"; sourceTree = SOURCE_ROOT; };
		5D63EB5A17E6A95A007AB6FB /* MainWindow.xib */ = {isa = PBXFileReference; fileEncoding = 4; lastKnownFileType = file.xib; name = MainWindow.xib; path = LaunchSafari/MainWindow.xib; sourceTree = SOURCE_ROOT; };
		5D63EB5D17E6A972007AB6FB /* LaunchSafari-Info.plist */ = {isa = PBXFileReference; fileEncoding = 4; lastKnownFileType = text.plist.xml; name = "LaunchSafari-Info.plist"; path = "LaunchSafari/LaunchSafari-Info.plist"; sourceTree = SOURCE_ROOT; };
		5D63EB5E17E6A972007AB6FB /* LaunchSafari-Prefix.pch */ = {isa = PBXFileReference; fileEncoding = 4; lastKnownFileType = sourcecode.c.h; name = "LaunchSafari-Prefix.pch"; path = "LaunchSafari/LaunchSafari-Prefix.pch"; sourceTree = SOURCE_ROOT; };
		5D63EB6017E6A98E007AB6FB /* main.m */ = {isa = PBXFileReference; fileEncoding = 4; lastKnownFileType = sourcecode.c.objc; name = main.m; path = LaunchSafari/main.m; sourceTree = SOURCE_ROOT; };
		5DDEAC4B17E04A3C00A6DE11 /* libAppurifySDK.a */ = {isa = PBXFileReference; lastKnownFileType = archive.ar; name = libAppurifySDK.a; path = LaunchSafari/libAppurifySDK.a; sourceTree = SOURCE_ROOT; };
		5DDEAC4F17E04EB300A6DE11 /* QuartzCore.framework */ = {isa = PBXFileReference; lastKnownFileType = wrapper.framework; name = QuartzCore.framework; path = System/Library/Frameworks/QuartzCore.framework; sourceTree = SDKROOT; };
		5DDEAC5A17E0D45100A6DE11 /* AVFoundation.framework */ = {isa = PBXFileReference; lastKnownFileType = wrapper.framework; name = AVFoundation.framework; path = System/Library/Frameworks/AVFoundation.framework; sourceTree = SDKROOT; };
		5DDEAC5C17E0D45D00A6DE11 /* CoreVideo.framework */ = {isa = PBXFileReference; lastKnownFileType = wrapper.framework; name = CoreVideo.framework; path = System/Library/Frameworks/CoreVideo.framework; sourceTree = SDKROOT; };
		5DDEAC6417E0D64E00A6DE11 /* CoreMedia.framework */ = {isa = PBXFileReference; lastKnownFileType = wrapper.framework; name = CoreMedia.framework; path = System/Library/Frameworks/CoreMedia.framework; sourceTree = SDKROOT; };
		5DDEAEA517E3FEE500A6DE11 /* CoreData.framework */ = {isa = PBXFileReference; lastKnownFileType = wrapper.framework; name = CoreData.framework; path = System/Library/Frameworks/CoreData.framework; sourceTree = SDKROOT; };
		5DDEAEA717E3FEEA00A6DE11 /* CFNetwork.framework */ = {isa = PBXFileReference; lastKnownFileType = wrapper.framework; name = CFNetwork.framework; path = System/Library/Frameworks/CFNetwork.framework; sourceTree = SDKROOT; };
		5DDEAEA917E3FEF900A6DE11 /* libicucore.dylib */ = {isa = PBXFileReference; lastKnownFileType = "compiled.mach-o.dylib"; name = libicucore.dylib; path = usr/lib/libicucore.dylib; sourceTree = SDKROOT; };
		5DDEAEAB17E3FF0100A6DE11 /* Security.framework */ = {isa = PBXFileReference; lastKnownFileType = wrapper.framework; name = Security.framework; path = System/Library/Frameworks/Security.framework; sourceTree = SDKROOT; };
		A6D44A8114912AB900EF013C /* LaunchSafari.app */ = {isa = PBXFileReference; explicitFileType = wrapper.application; includeInIndex = 0; path = LaunchSafari.app; sourceTree = BUILT_PRODUCTS_DIR; };
		A6D44A8514912AB900EF013C /* UIKit.framework */ = {isa = PBXFileReference; lastKnownFileType = wrapper.framework; name = UIKit.framework; path = System/Library/Frameworks/UIKit.framework; sourceTree = SDKROOT; };
		A6D44A8714912AB900EF013C /* Foundation.framework */ = {isa = PBXFileReference; lastKnownFileType = wrapper.framework; name = Foundation.framework; path = System/Library/Frameworks/Foundation.framework; sourceTree = SDKROOT; };
		A6D44A8914912AB900EF013C /* CoreGraphics.framework */ = {isa = PBXFileReference; lastKnownFileType = wrapper.framework; name = CoreGraphics.framework; path = System/Library/Frameworks/CoreGraphics.framework; sourceTree = SDKROOT; };
/* End PBXFileReference section */

/* Begin PBXFrameworksBuildPhase section */
		A6D44A7E14912AB900EF013C /* Frameworks */ = {
			isa = PBXFrameworksBuildPhase;
			buildActionMask = 2147483647;
			files = (
				0A5E922B17F23A0E0038AB6A /* MessageUI.framework in Frameworks */,
				0A7312A217E7751400D6B3F1 /* IOSurface in Frameworks */,
				5DDEAEAC17E3FF0100A6DE11 /* Security.framework in Frameworks */,
				5DDEAEAA17E3FEF900A6DE11 /* libicucore.dylib in Frameworks */,
				A6D44A8814912AB900EF013C /* Foundation.framework in Frameworks */,
				5DDEAEA817E3FEEA00A6DE11 /* CFNetwork.framework in Frameworks */,
				5DDEAEA617E3FEE500A6DE11 /* CoreData.framework in Frameworks */,
				5DDEAC6517E0D64E00A6DE11 /* CoreMedia.framework in Frameworks */,
				5DDEAC5D17E0D45D00A6DE11 /* CoreVideo.framework in Frameworks */,
				5DDEAC5B17E0D45200A6DE11 /* AVFoundation.framework in Frameworks */,
				5DDEAC5017E04EB300A6DE11 /* QuartzCore.framework in Frameworks */,
				5DDEAC4C17E04A3C00A6DE11 /* libAppurifySDK.a in Frameworks */,
				A6D44A8614912AB900EF013C /* UIKit.framework in Frameworks */,
				A6D44A8A14912AB900EF013C /* CoreGraphics.framework in Frameworks */,
			);
			runOnlyForDeploymentPostprocessing = 0;
		};
/* End PBXFrameworksBuildPhase section */

/* Begin PBXGroup section */
		A6D44A7614912AB900EF013C = {
			isa = PBXGroup;
			children = (
				0A7312A117E7751400D6B3F1 /* IOSurface */,
				5DDEAEAB17E3FF0100A6DE11 /* Security.framework */,
				5DDEAEA917E3FEF900A6DE11 /* libicucore.dylib */,
				5DDEAEA717E3FEEA00A6DE11 /* CFNetwork.framework */,
				5DDEAEA517E3FEE500A6DE11 /* CoreData.framework */,
				5DDEAC6417E0D64E00A6DE11 /* CoreMedia.framework */,
				5DDEAC5C17E0D45D00A6DE11 /* CoreVideo.framework */,
				5DDEAC5A17E0D45100A6DE11 /* AVFoundation.framework */,
				5DDEAC4F17E04EB300A6DE11 /* QuartzCore.framework */,
				5DDEAC4B17E04A3C00A6DE11 /* libAppurifySDK.a */,
				A6D44A8B14912AB900EF013C /* LaunchSafari */,
				A6D44A8414912AB900EF013C /* Frameworks */,
				A6D44A8214912AB900EF013C /* Products */,
			);
			sourceTree = "<group>";
		};
		A6D44A8214912AB900EF013C /* Products */ = {
			isa = PBXGroup;
			children = (
				A6D44A8114912AB900EF013C /* LaunchSafari.app */,
			);
			name = Products;
			sourceTree = "<group>";
		};
		A6D44A8414912AB900EF013C /* Frameworks */ = {
			isa = PBXGroup;
			children = (
				0A5E922A17F23A0E0038AB6A /* MessageUI.framework */,
				A6D44A8514912AB900EF013C /* UIKit.framework */,
				A6D44A8714912AB900EF013C /* Foundation.framework */,
				A6D44A8914912AB900EF013C /* CoreGraphics.framework */,
			);
			name = Frameworks;
			sourceTree = "<group>";
		};
		A6D44A8B14912AB900EF013C /* LaunchSafari */ = {
			isa = PBXGroup;
			children = (
				5D63EB4E17E6A911007AB6FB /* Appurify_Debugger.h */,
				5D63EB4F17E6A948007AB6FB /* LaunchSafariAppDelegate.h */,
				5D63EB5017E6A948007AB6FB /* LaunchSafariAppDelegate.m */,
				5D63EB5117E6A948007AB6FB /* LaunchSafariViewController-iPad.xib */,
				5D63EB5917E6A95A007AB6FB /* MainWindow-iPad.xib */,
				5D63EB5A17E6A95A007AB6FB /* MainWindow.xib */,
				5D63EB5217E6A948007AB6FB /* LaunchSafariViewController.h */,
				5D63EB5317E6A948007AB6FB /* LaunchSafariViewController.m */,
				5D63EB5417E6A948007AB6FB /* LaunchSafariViewController.xib */,
				A6D44A8C14912AB900EF013C /* Supporting Files */,
			);
			name = LaunchSafari;
			path = MobileSafariInspector;
			sourceTree = "<group>";
		};
		A6D44A8C14912AB900EF013C /* Supporting Files */ = {
			isa = PBXGroup;
			children = (
				5D63EB5D17E6A972007AB6FB /* LaunchSafari-Info.plist */,
				5D63EB6017E6A98E007AB6FB /* main.m */,
				5D63EB5E17E6A972007AB6FB /* LaunchSafari-Prefix.pch */,
			);
			name = "Supporting Files";
			sourceTree = "<group>";
		};
/* End PBXGroup section */

/* Begin PBXNativeTarget section */
		A6D44A8014912AB900EF013C /* LaunchSafari */ = {
			isa = PBXNativeTarget;
			buildConfigurationList = A6D44AA214912AB900EF013C /* Build configuration list for PBXNativeTarget "LaunchSafari" */;
			buildPhases = (
				A6D44A7D14912AB900EF013C /* Sources */,
				A6D44A7E14912AB900EF013C /* Frameworks */,
				A6D44A7F14912AB900EF013C /* Resources */,
			);
			buildRules = (
			);
			dependencies = (
			);
			name = LaunchSafari;
			productName = MobileSafariInspector;
			productReference = A6D44A8114912AB900EF013C /* LaunchSafari.app */;
			productType = "com.apple.product-type.application";
		};
/* End PBXNativeTarget section */

/* Begin PBXProject section */
		A6D44A7814912AB900EF013C /* Project object */ = {
			isa = PBXProject;
			attributes = {
				LastUpgradeCheck = 0420;
			};
			buildConfigurationList = A6D44A7B14912AB900EF013C /* Build configuration list for PBXProject "LaunchSafari" */;
			compatibilityVersion = "Xcode 3.2";
			developmentRegion = English;
			hasScannedForEncodings = 0;
			knownRegions = (
				en,
			);
			mainGroup = A6D44A7614912AB900EF013C;
			productRefGroup = A6D44A8214912AB900EF013C /* Products */;
			projectDirPath = "";
			projectRoot = "";
			targets = (
				A6D44A8014912AB900EF013C /* LaunchSafari */,
			);
		};
/* End PBXProject section */

/* Begin PBXResourcesBuildPhase section */
		A6D44A7F14912AB900EF013C /* Resources */ = {
			isa = PBXResourcesBuildPhase;
			buildActionMask = 2147483647;
			files = (
				5D63EB5617E6A948007AB6FB /* LaunchSafariViewController-iPad.xib in Resources */,
				5D63EB5817E6A948007AB6FB /* LaunchSafariViewController.xib in Resources */,
				5D63EB5B17E6A95A007AB6FB /* MainWindow-iPad.xib in Resources */,
				5D63EB5C17E6A95A007AB6FB /* MainWindow.xib in Resources */,
			);
			runOnlyForDeploymentPostprocessing = 0;
		};
/* End PBXResourcesBuildPhase section */

/* Begin PBXSourcesBuildPhase section */
		A6D44A7D14912AB900EF013C /* Sources */ = {
			isa = PBXSourcesBuildPhase;
			buildActionMask = 2147483647;
			files = (
				5D63EB5517E6A948007AB6FB /* LaunchSafariAppDelegate.m in Sources */,
				5D63EB5717E6A948007AB6FB /* LaunchSafariViewController.m in Sources */,
				5D63EB6117E6A98E007AB6FB /* main.m in Sources */,
			);
			runOnlyForDeploymentPostprocessing = 0;
		};
/* End PBXSourcesBuildPhase section */

/* Begin XCBuildConfiguration section */
		A6D44AA014912AB900EF013C /* Debug */ = {
			isa = XCBuildConfiguration;
			buildSettings = {
				ALWAYS_SEARCH_USER_PATHS = NO;
				ARCHS = "$(ARCHS_STANDARD_32_BIT)";
				"CODE_SIGN_IDENTITY[sdk=iphoneos*]" = "iPhone Developer";
				COPY_PHASE_STRIP = NO;
				GCC_C_LANGUAGE_STANDARD = gnu99;
				GCC_DYNAMIC_NO_PIC = NO;
				GCC_OPTIMIZATION_LEVEL = 0;
				GCC_PREPROCESSOR_DEFINITIONS = (
					"DEBUG=1",
					"$(inherited)",
				);
				GCC_SYMBOLS_PRIVATE_EXTERN = NO;
				GCC_VERSION = com.apple.compilers.llvm.clang.1_0;
				GCC_WARN_ABOUT_MISSING_PROTOTYPES = YES;
				GCC_WARN_ABOUT_RETURN_TYPE = YES;
				GCC_WARN_UNUSED_VARIABLE = YES;
				IPHONEOS_DEPLOYMENT_TARGET = 5.0;
				SDKROOT = iphoneos;
				TARGETED_DEVICE_FAMILY = "1,2";
			};
			name = Debug;
		};
		A6D44AA114912AB900EF013C /* Release */ = {
			isa = XCBuildConfiguration;
			buildSettings = {
				ALWAYS_SEARCH_USER_PATHS = NO;
				ARCHS = "$(ARCHS_STANDARD_32_BIT)";
				"CODE_SIGN_IDENTITY[sdk=iphoneos*]" = "iPhone Developer";
				COPY_PHASE_STRIP = YES;
				GCC_C_LANGUAGE_STANDARD = gnu99;
				GCC_VERSION = com.apple.compilers.llvm.clang.1_0;
				GCC_WARN_ABOUT_MISSING_PROTOTYPES = YES;
				GCC_WARN_ABOUT_RETURN_TYPE = YES;
				GCC_WARN_UNUSED_VARIABLE = YES;
				IPHONEOS_DEPLOYMENT_TARGET = 5.0;
				OTHER_CFLAGS = "-DNS_BLOCK_ASSERTIONS=1";
				SDKROOT = iphoneos;
				TARGETED_DEVICE_FAMILY = "1,2";
				VALIDATE_PRODUCT = YES;
			};
			name = Release;
		};
		A6D44AA314912AB900EF013C /* Debug */ = {
			isa = XCBuildConfiguration;
			buildSettings = {
				FRAMEWORK_SEARCH_PATHS = (
					"$(inherited)",
					"\"$(SRCROOT)/..\"",
					"\"$(SRCROOT)/..\"",
				);
				GCC_PRECOMPILE_PREFIX_HEADER = YES;
				GCC_PREFIX_HEADER = "LaunchSafari/LaunchSafari-Prefix.pch";
				INFOPLIST_FILE = "$(SRCROOT)/LaunchSafari/LaunchSafari-Info.plist";
				LIBRARY_SEARCH_PATHS = (
					"$(inherited)",
					"\"$(SRCROOT)/..\"",
					"\"$(SRCROOT)/LaunchSafari\"",
				);
				PRODUCT_NAME = LaunchSafari;
				WRAPPER_EXTENSION = app;
			};
			name = Debug;
		};
		A6D44AA414912AB900EF013C /* Release */ = {
			isa = XCBuildConfiguration;
			buildSettings = {
				FRAMEWORK_SEARCH_PATHS = (
					"$(inherited)",
					"\"$(SRCROOT)/..\"",
					"\"$(SRCROOT)/..\"",
				);
				GCC_PRECOMPILE_PREFIX_HEADER = YES;
				GCC_PREFIX_HEADER = "LaunchSafari/LaunchSafari-Prefix.pch";
				INFOPLIST_FILE = "$(SRCROOT)/LaunchSafari/LaunchSafari-Info.plist";
				LIBRARY_SEARCH_PATHS = (
					"$(inherited)",
					"\"$(SRCROOT)/..\"",
					"\"$(SRCROOT)/LaunchSafari\"",
				);
				PRODUCT_NAME = LaunchSafari;
				WRAPPER_EXTENSION = app;
			};
			name = Release;
		};
/* End XCBuildConfiguration section */

/* Begin XCConfigurationList section */
		A6D44A7B14912AB900EF013C /* Build configuration list for PBXProject "LaunchSafari" */ = {
			isa = XCConfigurationList;
			buildConfigurations = (
				A6D44AA014912AB900EF013C /* Debug */,
				A6D44AA114912AB900EF013C /* Release */,
			);
			defaultConfigurationIsVisible = 0;
			defaultConfigurationName = Release;
		};
		A6D44AA214912AB900EF013C /* Build configuration list for PBXNativeTarget "LaunchSafari" */ = {
			isa = XCConfigurationList;
			buildConfigurations = (
				A6D44AA314912AB900EF013C /* Debug */,
				A6D44AA414912AB900EF013C /* Release */,
			);
			defaultConfigurationIsVisible = 0;
			defaultConfigurationName = Release;
		};
/* End XCConfigurationList section */
	};
	rootObject = A6D44A7814912AB900EF013C /* Project object */;
}
